// !$*UTF8*$!
{
	archiveVersion = 1;
	classes = {
	};
	objectVersion = 55;
	objects = {

/* Begin PBXBuildFile section */
		1A266F70273BA1A80041324D /* AppDelegate.m in Sources */ = {isa = PBXBuildFile; fileRef = 1A266F6F273BA1A80041324D /* AppDelegate.m */; };
		1A266F73273BA1A80041324D /* SceneDelegate.m in Sources */ = {isa = PBXBuildFile; fileRef = 1A266F72273BA1A80041324D /* SceneDelegate.m */; };
		1A266F76273BA1A80041324D /* ViewController.m in Sources */ = {isa = PBXBuildFile; fileRef = 1A266F75273BA1A80041324D /* ViewController.m */; };
		1A266F79273BA1A80041324D /* Main.storyboard in Resources */ = {isa = PBXBuildFile; fileRef = 1A266F77273BA1A80041324D /* Main.storyboard */; };
		1A266F7B273BA1AC0041324D /* Assets.xcassets in Resources */ = {isa = PBXBuildFile; fileRef = 1A266F7A273BA1AC0041324D /* Assets.xcassets */; };
		1A266F7E273BA1AC0041324D /* LaunchScreen.storyboard in Resources */ = {isa = PBXBuildFile; fileRef = 1A266F7C273BA1AC0041324D /* LaunchScreen.storyboard */; };
		1A266F81273BA1AC0041324D /* main.m in Sources */ = {isa = PBXBuildFile; fileRef = 1A266F80273BA1AC0041324D /* main.m */; };
		1A266F8B273BA1AD0041324D /* TestTests.m in Sources */ = {isa = PBXBuildFile; fileRef = 1A266F8A273BA1AD0041324D /* TestTests.m */; };
		1A266F95273BA1AD0041324D /* TestUITests.m in Sources */ = {isa = PBXBuildFile; fileRef = 1A266F94273BA1AD0041324D /* TestUITests.m */; };
		1A266F97273BA1AD0041324D /* TestUITestsLaunchTests.m in Sources */ = {isa = PBXBuildFile; fileRef = 1A266F96273BA1AD0041324D /* TestUITestsLaunchTests.m */; };
/* End PBXBuildFile section */

/* Begin PBXContainerItemProxy section */
		1A266F87273BA1AD0041324D /* PBXContainerItemProxy */ = {
			isa = PBXContainerItemProxy;
			containerPortal = 1A266F63273BA1A70041324D /* Project object */;
			proxyType = 1;
			remoteGlobalIDString = 1A266F6A273BA1A80041324D;
			remoteInfo = Test;
		};
		1A266F91273BA1AD0041324D /* PBXContainerItemProxy */ = {
			isa = PBXContainerItemProxy;
			containerPortal = 1A266F63273BA1A70041324D /* Project object */;
			proxyType = 1;
			remoteGlobalIDString = 1A266F6A273BA1A80041324D;
			remoteInfo = Test;
		};
/* End PBXContainerItemProxy section */

/* Begin PBXFileReference section */
		1A266F6B273BA1A80041324D /* Test.app */ = {isa = PBXFileReference; explicitFileType = wrapper.application; includeInIndex = 0; path = Test.app; sourceTree = BUILT_PRODUCTS_DIR; };
		1A266F6E273BA1A80041324D /* AppDelegate.h */ = {isa = PBXFileReference; lastKnownFileType = sourcecode.c.h; path = AppDelegate.h; sourceTree = "<group>"; };
		1A266F6F273BA1A80041324D /* AppDelegate.m */ = {isa = PBXFileReference; lastKnownFileType = sourcecode.c.objc; path = AppDelegate.m; sourceTree = "<group>"; };
		1A266F71273BA1A80041324D /* SceneDelegate.h */ = {isa = PBXFileReference; lastKnownFileType = sourcecode.c.h; path = SceneDelegate.h; sourceTree = "<group>"; };
		1A266F72273BA1A80041324D /* SceneDelegate.m */ = {isa = PBXFileReference; lastKnownFileType = sourcecode.c.objc; path = SceneDelegate.m; sourceTree = "<group>"; };
		1A266F74273BA1A80041324D /* ViewController.h */ = {isa = PBXFileReference; lastKnownFileType = sourcecode.c.h; path = ViewController.h; sourceTree = "<group>"; };
		1A266F75273BA1A80041324D /* ViewController.m */ = {isa = PBXFileReference; lastKnownFileType = sourcecode.c.objc; path = ViewController.m; sourceTree = "<group>"; };
		1A266F78273BA1A80041324D /* Base */ = {isa = PBXFileReference; lastKnownFileType = file.storyboard; name = Base; path = Base.lproj/Main.storyboard; sourceTree = "<group>"; };
		1A266F7A273BA1AC0041324D /* Assets.xcassets */ = {isa = PBXFileReference; lastKnownFileType = folder.assetcatalog; path = Assets.xcassets; sourceTree = "<group>"; };
		1A266F7D273BA1AC0041324D /* Base */ = {isa = PBXFileReference; lastKnownFileType = file.storyboard; name = Base; path = Base.lproj/LaunchScreen.storyboard; sourceTree = "<group>"; };
		1A266F7F273BA1AC0041324D /* Info.plist */ = {isa = PBXFileReference; lastKnownFileType = text.plist.xml; path = Info.plist; sourceTree = "<group>"; };
		1A266F80273BA1AC0041324D /* main.m */ = {isa = PBXFileReference; lastKnownFileType = sourcecode.c.objc; path = main.m; sourceTree = "<group>"; };
		1A266F86273BA1AD0041324D /* TestTests.xctest */ = {isa = PBXFileReference; explicitFileType = wrapper.cfbundle; includeInIndex = 0; path = TestTests.xctest; sourceTree = BUILT_PRODUCTS_DIR; };
		1A266F8A273BA1AD0041324D /* TestTests.m */ = {isa = PBXFileReference; lastKnownFileType = sourcecode.c.objc; path = TestTests.m; sourceTree = "<group>"; };
		1A266F90273BA1AD0041324D /* TestUITests.xctest */ = {isa = PBXFileReference; explicitFileType = wrapper.cfbundle; includeInIndex = 0; path = TestUITests.xctest; sourceTree = BUILT_PRODUCTS_DIR; };
		1A266F94273BA1AD0041324D /* TestUITests.m */ = {isa = PBXFileReference; lastKnownFileType = sourcecode.c.objc; path = TestUITests.m; sourceTree = "<group>"; };
		1A266F96273BA1AD0041324D /* TestUITestsLaunchTests.m */ = {isa = PBXFileReference; lastKnownFileType = sourcecode.c.objc; path = TestUITestsLaunchTests.m; sourceTree = "<group>"; };
/* End PBXFileReference section */

/* Begin PBXFrameworksBuildPhase section */
		1A266F68273BA1A80041324D /* Frameworks */ = {
			isa = PBXFrameworksBuildPhase;
			buildActionMask = 2147483647;
			files = (
			);
			runOnlyForDeploymentPostprocessing = 0;
		};
		1A266F83273BA1AD0041324D /* Frameworks */ = {
			isa = PBXFrameworksBuildPhase;
			buildActionMask = 2147483647;
			files = (
			);
			runOnlyForDeploymentPostprocessing = 0;
		};
		1A266F8D273BA1AD0041324D /* Frameworks */ = {
			isa = PBXFrameworksBuildPhase;
			buildActionMask = 2147483647;
			files = (
			);
			runOnlyForDeploymentPostprocessing = 0;
		};
/* End PBXFrameworksBuildPhase section */

/* Begin PBXGroup section */
		1A266F62273BA1A70041324D = {
			isa = PBXGroup;
			children = (
				1A266F6D273BA1A80041324D /* Test */,
				1A266F89273BA1AD0041324D /* TestTests */,
				1A266F93273BA1AD0041324D /* TestUITests */,
				1A266F6C273BA1A80041324D /* Products */,
			);
			sourceTree = "<group>";
		};
		1A266F6C273BA1A80041324D /* Products */ = {
			isa = PBXGroup;
			children = (
				1A266F6B273BA1A80041324D /* Test.app */,
				1A266F86273BA1AD0041324D /* TestTests.xctest */,
				1A266F90273BA1AD0041324D /* TestUITests.xctest */,
			);
			name = Products;
			sourceTree = "<group>";
		};
		1A266F6D273BA1A80041324D /* Test */ = {
			isa = PBXGroup;
			children = (
				1A266F6E273BA1A80041324D /* AppDelegate.h */,
				1A266F6F273BA1A80041324D /* AppDelegate.m */,
				1A266F71273BA1A80041324D /* SceneDelegate.h */,
				1A266F72273BA1A80041324D /* SceneDelegate.m */,
				1A266F74273BA1A80041324D /* ViewController.h */,
				1A266F75273BA1A80041324D /* ViewController.m */,
				1A266F77273BA1A80041324D /* Main.storyboard */,
				1A266F7A273BA1AC0041324D /* Assets.xcassets */,
				1A266F7C273BA1AC0041324D /* LaunchScreen.storyboard */,
				1A266F7F273BA1AC0041324D /* Info.plist */,
				1A266F80273BA1AC0041324D /* main.m */,
			);
			path = Test;
			sourceTree = "<group>";
		};
		1A266F89273BA1AD0041324D /* TestTests */ = {
			isa = PBXGroup;
			children = (
				1A266F8A273BA1AD0041324D /* TestTests.m */,
			);
			path = TestTests;
			sourceTree = "<group>";
		};
		1A266F93273BA1AD0041324D /* TestUITests */ = {
			isa = PBXGroup;
			children = (
				1A266F94273BA1AD0041324D /* TestUITests.m */,
				1A266F96273BA1AD0041324D /* TestUITestsLaunchTests.m */,
			);
			path = TestUITests;
			sourceTree = "<group>";
		};
/* End PBXGroup section */

/* Begin PBXNativeTarget section */
		1A266F6A273BA1A80041324D /* Test */ = {
			isa = PBXNativeTarget;
			buildConfigurationList = 1A266F9A273BA1AD0041324D /* Build configuration list for PBXNativeTarget "Test" */;
			buildPhases = (
				1A266F67273BA1A80041324D /* Sources */,
				1A266F68273BA1A80041324D /* Frameworks */,
				1A266F69273BA1A80041324D /* Resources */,
			);
			buildRules = (
			);
			dependencies = (
			);
			name = Test;
			productName = Test;
			productReference = 1A266F6B273BA1A80041324D /* Test.app */;
			productType = "com.apple.product-type.application";
		};
		1A266F85273BA1AD0041324D /* TestTests */ = {
			isa = PBXNativeTarget;
			buildConfigurationList = 1A266F9D273BA1AD0041324D /* Build configuration list for PBXNativeTarget "TestTests" */;
			buildPhases = (
				1A266F82273BA1AD0041324D /* Sources */,
				1A266F83273BA1AD0041324D /* Frameworks */,
				1A266F84273BA1AD0041324D /* Resources */,
			);
			buildRules = (
			);
			dependencies = (
				1A266F88273BA1AD0041324D /* PBXTargetDependency */,
			);
			name = TestTests;
			productName = TestTests;
			productReference = 1A266F86273BA1AD0041324D /* TestTests.xctest */;
			productType = "com.apple.product-type.bundle.unit-test";
		};
		1A266F8F273BA1AD0041324D /* TestUITests */ = {
			isa = PBXNativeTarget;
			buildConfigurationList = 1A266FA0273BA1AD0041324D /* Build configuration list for PBXNativeTarget "TestUITests" */;
			buildPhases = (
				1A266F8C273BA1AD0041324D /* Sources */,
				1A266F8D273BA1AD0041324D /* Frameworks */,
				1A266F8E273BA1AD0041324D /* Resources */,
			);
			buildRules = (
			);
			dependencies = (
				1A266F92273BA1AD0041324D /* PBXTargetDependency */,
			);
			name = TestUITests;
			productName = TestUITests;
			productReference = 1A266F90273BA1AD0041324D /* TestUITests.xctest */;
			productType = "com.apple.product-type.bundle.ui-testing";
		};
/* End PBXNativeTarget section */

/* Begin PBXProject section */
		1A266F63273BA1A70041324D /* Project object */ = {
			isa = PBXProject;
			attributes = {
				BuildIndependentTargetsInParallel = 1;
				LastUpgradeCheck = 1300;
				TargetAttributes = {
					1A266F6A273BA1A80041324D = {
						CreatedOnToolsVersion = 13.0;
					};
					1A266F85273BA1AD0041324D = {
						CreatedOnToolsVersion = 13.0;
						TestTargetID = 1A266F6A273BA1A80041324D;
					};
					1A266F8F273BA1AD0041324D = {
						CreatedOnToolsVersion = 13.0;
						TestTargetID = 1A266F6A273BA1A80041324D;
					};
				};
			};
			buildConfigurationList = 1A266F66273BA1A70041324D /* Build configuration list for PBXProject "Test" */;
			compatibilityVersion = "Xcode 13.0";
			developmentRegion = en;
			hasScannedForEncodings = 0;
			knownRegions = (
				en,
				Base,
			);
			mainGroup = 1A266F62273BA1A70041324D;
			productRefGroup = 1A266F6C273BA1A80041324D /* Products */;
			projectDirPath = "";
			projectRoot = "";
			targets = (
				1A266F6A273BA1A80041324D /* Test */,
				1A266F85273BA1AD0041324D /* TestTests */,
				1A266F8F273BA1AD0041324D /* TestUITests */,
			);
		};
/* End PBXProject section */

/* Begin PBXResourcesBuildPhase section */
		1A266F69273BA1A80041324D /* Resources */ = {
			isa = PBXResourcesBuildPhase;
			buildActionMask = 2147483647;
			files = (
				1A266F7E273BA1AC0041324D /* LaunchScreen.storyboard in Resources */,
				1A266F7B273BA1AC0041324D /* Assets.xcassets in Resources */,
				1A266F79273BA1A80041324D /* Main.storyboard in Resources */,
			);
			runOnlyForDeploymentPostprocessing = 0;
		};
		1A266F84273BA1AD0041324D /* Resources */ = {
			isa = PBXResourcesBuildPhase;
			buildActionMask = 2147483647;
			files = (
			);
			runOnlyForDeploymentPostprocessing = 0;
		};
		1A266F8E273BA1AD0041324D /* Resources */ = {
			isa = PBXResourcesBuildPhase;
			buildActionMask = 2147483647;
			files = (
			);
			runOnlyForDeploymentPostprocessing = 0;
		};
/* End PBXResourcesBuildPhase section */

/* Begin PBXSourcesBuildPhase section */
		1A266F67273BA1A80041324D /* Sources */ = {
			isa = PBXSourcesBuildPhase;
			buildActionMask = 2147483647;
			files = (
				1A266F76273BA1A80041324D /* ViewController.m in Sources */,
				1A266F70273BA1A80041324D /* AppDelegate.m in Sources */,
				1A266F81273BA1AC0041324D /* main.m in Sources */,
				1A266F73273BA1A80041324D /* SceneDelegate.m in Sources */,
			);
			runOnlyForDeploymentPostprocessing = 0;
		};
		1A266F82273BA1AD0041324D /* Sources */ = {
			isa = PBXSourcesBuildPhase;
			buildActionMask = 2147483647;
			files = (
				1A266F8B273BA1AD0041324D /* TestTests.m in Sources */,
			);
			runOnlyForDeploymentPostprocessing = 0;
		};
		1A266F8C273BA1AD0041324D /* Sources */ = {
			isa = PBXSourcesBuildPhase;
			buildActionMask = 2147483647;
			files = (
				1A266F97273BA1AD0041324D /* TestUITestsLaunchTests.m in Sources */,
				1A266F95273BA1AD0041324D /* TestUITests.m in Sources */,
			);
			runOnlyForDeploymentPostprocessing = 0;
		};
/* End PBXSourcesBuildPhase section */

/* Begin PBXTargetDependency section */
		1A266F88273BA1AD0041324D /* PBXTargetDependency */ = {
			isa = PBXTargetDependency;
			target = 1A266F6A273BA1A80041324D /* Test */;
			targetProxy = 1A266F87273BA1AD0041324D /* PBXContainerItemProxy */;
		};
		1A266F92273BA1AD0041324D /* PBXTargetDependency */ = {
			isa = PBXTargetDependency;
			target = 1A266F6A273BA1A80041324D /* Test */;
			targetProxy = 1A266F91273BA1AD0041324D /* PBXContainerItemProxy */;
		};
/* End PBXTargetDependency section */

/* Begin PBXVariantGroup section */
		1A266F77273BA1A80041324D /* Main.storyboard */ = {
			isa = PBXVariantGroup;
			children = (
				1A266F78273BA1A80041324D /* Base */,
			);
			name = Main.storyboard;
			sourceTree = "<group>";
		};
		1A266F7C273BA1AC0041324D /* LaunchScreen.storyboard */ = {
			isa = PBXVariantGroup;
			children = (
				1A266F7D273BA1AC0041324D /* Base */,
			);
			name = LaunchScreen.storyboard;
			sourceTree = "<group>";
		};
/* End PBXVariantGroup section */

/* Begin XCBuildConfiguration section */
		1A266F98273BA1AD0041324D /* Debug */ = {
			isa = XCBuildConfiguration;
			buildSettings = {
				ALWAYS_SEARCH_USER_PATHS = NO;
				CLANG_ANALYZER_NONNULL = YES;
				CLANG_ANALYZER_NUMBER_OBJECT_CONVERSION = YES_AGGRESSIVE;
				CLANG_CXX_LANGUAGE_STANDARD = "gnu++17";
				CLANG_CXX_LIBRARY = "libc++";
				CLANG_ENABLE_MODULES = YES;
				CLANG_ENABLE_OBJC_ARC = YES;
				CLANG_ENABLE_OBJC_WEAK = YES;
				CLANG_WARN_BLOCK_CAPTURE_AUTORELEASING = YES;
				CLANG_WARN_BOOL_CONVERSION = YES;
				CLANG_WARN_COMMA = YES;
				CLANG_WARN_CONSTANT_CONVERSION = YES;
				CLANG_WARN_DEPRECATED_OBJC_IMPLEMENTATIONS = YES;
				CLANG_WARN_DIRECT_OBJC_ISA_USAGE = YES_ERROR;
				CLANG_WARN_DOCUMENTATION_COMMENTS = YES;
				CLANG_WARN_EMPTY_BODY = YES;
				CLANG_WARN_ENUM_CONVERSION = YES;
				CLANG_WARN_INFINITE_RECURSION = YES;
				CLANG_WARN_INT_CONVERSION = YES;
				CLANG_WARN_NON_LITERAL_NULL_CONVERSION = YES;
				CLANG_WARN_OBJC_IMPLICIT_RETAIN_SELF = YES;
				CLANG_WARN_OBJC_LITERAL_CONVERSION = YES;
				CLANG_WARN_OBJC_ROOT_CLASS = YES_ERROR;
				CLANG_WARN_QUOTED_INCLUDE_IN_FRAMEWORK_HEADER = YES;
				CLANG_WARN_RANGE_LOOP_ANALYSIS = YES;
				CLANG_WARN_STRICT_PROTOTYPES = YES;
				CLANG_WARN_SUSPICIOUS_MOVE = YES;
				CLANG_WARN_UNGUARDED_AVAILABILITY = YES_AGGRESSIVE;
				CLANG_WARN_UNREACHABLE_CODE = YES;
				CLANG_WARN__DUPLICATE_METHOD_MATCH = YES;
				COPY_PHASE_STRIP = NO;
				DEBUG_INFORMATION_FORMAT = dwarf;
				ENABLE_STRICT_OBJC_MSGSEND = YES;
				ENABLE_TESTABILITY = YES;
				GCC_C_LANGUAGE_STANDARD = gnu11;
				GCC_DYNAMIC_NO_PIC = NO;
				GCC_NO_COMMON_BLOCKS = YES;
				GCC_OPTIMIZATION_LEVEL = 0;
				GCC_PREPROCESSOR_DEFINITIONS = (
					"DEBUG=1",
					"$(inherited)",
				);
				GCC_WARN_64_TO_32_BIT_CONVERSION = YES;
				GCC_WARN_ABOUT_RETURN_TYPE = YES_ERROR;
				GCC_WARN_UNDECLARED_SELECTOR = YES;
				GCC_WARN_UNINITIALIZED_AUTOS = YES_AGGRESSIVE;
				GCC_WARN_UNUSED_FUNCTION = YES;
				GCC_WARN_UNUSED_VARIABLE = YES;
				IPHONEOS_DEPLOYMENT_TARGET = 15.0;
				MTL_ENABLE_DEBUG_INFO = INCLUDE_SOURCE;
				MTL_FAST_MATH = YES;
				ONLY_ACTIVE_ARCH = YES;
				SDKROOT = iphoneos;
			};
			name = Debug;
		};
		1A266F99273BA1AD0041324D /* Release */ = {
			isa = XCBuildConfiguration;
			buildSettings = {
				ALWAYS_SEARCH_USER_PATHS = NO;
				CLANG_ANALYZER_NONNULL = YES;
				CLANG_ANALYZER_NUMBER_OBJECT_CONVERSION = YES_AGGRESSIVE;
				CLANG_CXX_LANGUAGE_STANDARD = "gnu++17";
				CLANG_CXX_LIBRARY = "libc++";
				CLANG_ENABLE_MODULES = YES;
				CLANG_ENABLE_OBJC_ARC = YES;
				CLANG_ENABLE_OBJC_WEAK = YES;
				CLANG_WARN_BLOCK_CAPTURE_AUTORELEASING = YES;
				CLANG_WARN_BOOL_CONVERSION = YES;
				CLANG_WARN_COMMA = YES;
				CLANG_WARN_CONSTANT_CONVERSION = YES;
				CLANG_WARN_DEPRECATED_OBJC_IMPLEMENTATIONS = YES;
				CLANG_WARN_DIRECT_OBJC_ISA_USAGE = YES_ERROR;
				CLANG_WARN_DOCUMENTATION_COMMENTS = YES;
				CLANG_WARN_EMPTY_BODY = YES;
				CLANG_WARN_ENUM_CONVERSION = YES;
				CLANG_WARN_INFINITE_RECURSION = YES;
				CLANG_WARN_INT_CONVERSION = YES;
				CLANG_WARN_NON_LITERAL_NULL_CONVERSION = YES;
				CLANG_WARN_OBJC_IMPLICIT_RETAIN_SELF = YES;
				CLANG_WARN_OBJC_LITERAL_CONVERSION = YES;
				CLANG_WARN_OBJC_ROOT_CLASS = YES_ERROR;
				CLANG_WARN_QUOTED_INCLUDE_IN_FRAMEWORK_HEADER = YES;
				CLANG_WARN_RANGE_LOOP_ANALYSIS = YES;
				CLANG_WARN_STRICT_PROTOTYPES = YES;
				CLANG_WARN_SUSPICIOUS_MOVE = YES;
				CLANG_WARN_UNGUARDED_AVAILABILITY = YES_AGGRESSIVE;
				CLANG_WARN_UNREACHABLE_CODE = YES;
				CLANG_WARN__DUPLICATE_METHOD_MATCH = YES;
				COPY_PHASE_STRIP = NO;
				DEBUG_INFORMATION_FORMAT = "dwarf-with-dsym";
				ENABLE_NS_ASSERTIONS = NO;
				ENABLE_STRICT_OBJC_MSGSEND = YES;
				GCC_C_LANGUAGE_STANDARD = gnu11;
				GCC_NO_COMMON_BLOCKS = YES;
				GCC_WARN_64_TO_32_BIT_CONVERSION = YES;
				GCC_WARN_ABOUT_RETURN_TYPE = YES_ERROR;
				GCC_WARN_UNDECLARED_SELECTOR = YES;
				GCC_WARN_UNINITIALIZED_AUTOS = YES_AGGRESSIVE;
				GCC_WARN_UNUSED_FUNCTION = YES;
				GCC_WARN_UNUSED_VARIABLE = YES;
				IPHONEOS_DEPLOYMENT_TARGET = 15.0;
				MTL_ENABLE_DEBUG_INFO = NO;
				MTL_FAST_MATH = YES;
				SDKROOT = iphoneos;
				VALIDATE_PRODUCT = YES;
			};
			name = Release;
		};
		1A266F9B273BA1AD0041324D /* Debug */ = {
			isa = XCBuildConfiguration;
			buildSettings = {
				ASSETCATALOG_COMPILER_APPICON_NAME = AppIcon;
				ASSETCATALOG_COMPILER_GLOBAL_ACCENT_COLOR_NAME = AccentColor;
				CODE_SIGN_STYLE = Automatic;
				CURRENT_PROJECT_VERSION = 1;
				DEVELOPMENT_TEAM = BX7XQAWG35;
				GENERATE_INFOPLIST_FILE = YES;
				INFOPLIST_FILE = Test/Info.plist;
				INFOPLIST_KEY_UIApplicationSupportsIndirectInputEvents = YES;
				INFOPLIST_KEY_UILaunchStoryboardName = LaunchScreen;
				INFOPLIST_KEY_UIMainStoryboardFile = Main;
				INFOPLIST_KEY_UISupportedInterfaceOrientations_iPad = "UIInterfaceOrientationPortrait UIInterfaceOrientationPortraitUpsideDown UIInterfaceOrientationLandscapeLeft UIInterfaceOrientationLandscapeRight";
				INFOPLIST_KEY_UISupportedInterfaceOrientations_iPhone = "UIInterfaceOrientationPortrait UIInterfaceOrientationLandscapeLeft UIInterfaceOrientationLandscapeRight";
				LD_RUNPATH_SEARCH_PATHS = (
					"$(inherited)",
					"@executable_path/Frameworks",
				);
				MARKETING_VERSION = 1.0;
				PRODUCT_BUNDLE_IDENTIFIER = com.pxm.Test;
				PRODUCT_NAME = "$(TARGET_NAME)";
				SWIFT_EMIT_LOC_STRINGS = YES;
				TARGETED_DEVICE_FAMILY = "1,2";
			};
			name = Debug;
		};
		1A266F9C273BA1AD0041324D /* Release */ = {
			isa = XCBuildConfiguration;
			buildSettings = {
				ASSETCATALOG_COMPILER_APPICON_NAME = AppIcon;
				ASSETCATALOG_COMPILER_GLOBAL_ACCENT_COLOR_NAME = AccentColor;
				CODE_SIGN_STYLE = Automatic;
				CURRENT_PROJECT_VERSION = 1;
				DEVELOPMENT_TEAM = BX7XQAWG35;
				GENERATE_INFOPLIST_FILE = YES;
				INFOPLIST_FILE = Test/Info.plist;
				INFOPLIST_KEY_UIApplicationSupportsIndirectInputEvents = YES;
				INFOPLIST_KEY_UILaunchStoryboardName = LaunchScreen;
				INFOPLIST_KEY_UIMainStoryboardFile = Main;
				INFOPLIST_KEY_UISupportedInterfaceOrientations_iPad = "UIInterfaceOrientationPortrait UIInterfaceOrientationPortraitUpsideDown UIInterfaceOrientationLandscapeLeft UIInterfaceOrientationLandscapeRight";
				INFOPLIST_KEY_UISupportedInterfaceOrientations_iPhone = "UIInterfaceOrientationPortrait UIInterfaceOrientationLandscapeLeft UIInterfaceOrientationLandscapeRight";
				LD_RUNPATH_SEARCH_PATHS = (
					"$(inherited)",
					"@executable_path/Frameworks",
				);
				MARKETING_VERSION = 1.0;
				PRODUCT_BUNDLE_IDENTIFIER = com.pxm.Test;
				PRODUCT_NAME = "$(TARGET_NAME)";
				SWIFT_EMIT_LOC_STRINGS = YES;
				TARGETED_DEVICE_FAMILY = "1,2";
			};
			name = Release;
		};
		1A266F9E273BA1AD0041324D /* Debug */ = {
			isa = XCBuildConfiguration;
			buildSettings = {
				BUNDLE_LOADER = "$(TEST_HOST)";
				CODE_SIGN_STYLE = Automatic;
				CURRENT_PROJECT_VERSION = 1;
				DEVELOPMENT_TEAM = BX7XQAWG35;
				GENERATE_INFOPLIST_FILE = YES;
				IPHONEOS_DEPLOYMENT_TARGET = 15.0;
				LD_RUNPATH_SEARCH_PATHS = (
					"$(inherited)",
					"@executable_path/Frameworks",
					"@loader_path/Frameworks",
				);
				MARKETING_VERSION = 1.0;
				PRODUCT_BUNDLE_IDENTIFIER = com.pxm.TestTests;
				PRODUCT_NAME = "$(TARGET_NAME)";
				SWIFT_EMIT_LOC_STRINGS = NO;
				TARGETED_DEVICE_FAMILY = "1,2";
				TEST_HOST = "$(BUILT_PRODUCTS_DIR)/Test.app/Test";
			};
			name = Debug;
		};
		1A266F9F273BA1AD0041324D /* Release */ = {
			isa = XCBuildConfiguration;
			buildSettings = {
				BUNDLE_LOADER = "$(TEST_HOST)";
				CODE_SIGN_STYLE = Automatic;
				CURRENT_PROJECT_VERSION = 1;
				DEVELOPMENT_TEAM = BX7XQAWG35;
				GENERATE_INFOPLIST_FILE = YES;
				IPHONEOS_DEPLOYMENT_TARGET = 15.0;
				LD_RUNPATH_SEARCH_PATHS = (
					"$(inherited)",
					"@executable_path/Frameworks",
					"@loader_path/Frameworks",
				);
				MARKETING_VERSION = 1.0;
				PRODUCT_BUNDLE_IDENTIFIER = com.pxm.TestTests;
				PRODUCT_NAME = "$(TARGET_NAME)";
				SWIFT_EMIT_LOC_STRINGS = NO;
				TARGETED_DEVICE_FAMILY = "1,2";
				TEST_HOST = "$(BUILT_PRODUCTS_DIR)/Test.app/Test";
			};
			name = Release;
		};
		1A266FA1273BA1AD0041324D /* Debug */ = {
			isa = XCBuildConfiguration;
			buildSettings = {
				CODE_SIGN_STYLE = Automatic;
				CURRENT_PROJECT_VERSION = 1;
				DEVELOPMENT_TEAM = BX7XQAWG35;
				GENERATE_INFOPLIST_FILE = YES;
				LD_RUNPATH_SEARCH_PATHS = (
					"$(inherited)",
					"@executable_path/Frameworks",
					"@loader_path/Frameworks",
				);
				MARKETING_VERSION = 1.0;
				PRODUCT_BUNDLE_IDENTIFIER = com.pxm.TestUITests;
				PRODUCT_NAME = "$(TARGET_NAME)";
				SWIFT_EMIT_LOC_STRINGS = NO;
				TARGETED_DEVICE_FAMILY = "1,2";
				TEST_TARGET_NAME = Test;
			};
			name = Debug;
		};
		1A266FA2273BA1AD0041324D /* Release */ = {
			isa = XCBuildConfiguration;
			buildSettings = {
				CODE_SIGN_STYLE = Automatic;
				CURRENT_PROJECT_VERSION = 1;
				DEVELOPMENT_TEAM = BX7XQAWG35;
				GENERATE_INFOPLIST_FILE = YES;
				LD_RUNPATH_SEARCH_PATHS = (
					"$(inherited)",
					"@executable_path/Frameworks",
					"@loader_path/Frameworks",
				);
				MARKETING_VERSION = 1.0;
				PRODUCT_BUNDLE_IDENTIFIER = com.pxm.TestUITests;
				PRODUCT_NAME = "$(TARGET_NAME)";
				SWIFT_EMIT_LOC_STRINGS = NO;
				TARGETED_DEVICE_FAMILY = "1,2";
				TEST_TARGET_NAME = Test;
			};
			name = Release;
		};
/* End XCBuildConfiguration section */

/* Begin XCConfigurationList section */
		1A266F66273BA1A70041324D /* Build configuration list for PBXProject "Test" */ = {
			isa = XCConfigurationList;
			buildConfigurations = (
				1A266F98273BA1AD0041324D /* Debug */,
				1A266F99273BA1AD0041324D /* Release */,
			);
			defaultConfigurationIsVisible = 0;
			defaultConfigurationName = Release;
		};
		1A266F9A273BA1AD0041324D /* Build configuration list for PBXNativeTarget "Test" */ = {
			isa = XCConfigurationList;
			buildConfigurations = (
				1A266F9B273BA1AD0041324D /* Debug */,
				1A266F9C273BA1AD0041324D /* Release */,
			);
			defaultConfigurationIsVisible = 0;
			defaultConfigurationName = Release;
		};
		1A266F9D273BA1AD0041324D /* Build configuration list for PBXNativeTarget "TestTests" */ = {
			isa = XCConfigurationList;
			buildConfigurations = (
				1A266F9E273BA1AD0041324D /* Debug */,
				1A266F9F273BA1AD0041324D /* Release */,
			);
			defaultConfigurationIsVisible = 0;
			defaultConfigurationName = Release;
		};
		1A266FA0273BA1AD0041324D /* Build configuration list for PBXNativeTarget "TestUITests" */ = {
			isa = XCConfigurationList;
			buildConfigurations = (
				1A266FA1273BA1AD0041324D /* Debug */,
				1A266FA2273BA1AD0041324D /* Release */,
			);
			defaultConfigurationIsVisible = 0;
			defaultConfigurationName = Release;
		};
/* End XCConfigurationList section */
	};
	rootObject = 1A266F63273BA1A70041324D /* Project object */;
}
